// !$*UTF8*$!
{
	archiveVersion = 1;
	classes = {
	};
	objectVersion = 55;
	objects = {

/* Begin PBXBuildFile section */
		6422686F2866EA080061B15E /* CourseDetail.swift in Sources */ = {isa = PBXBuildFile; fileRef = 6422686E2866EA080061B15E /* CourseDetail.swift */; };
		642268702866EA080061B15E /* CourseDetail.swift in Sources */ = {isa = PBXBuildFile; fileRef = 6422686E2866EA080061B15E /* CourseDetail.swift */; };
		6422E5EE2866ED89008D1A45 /* TutorialSection.swift in Sources */ = {isa = PBXBuildFile; fileRef = 6422E5E62866ED89008D1A45 /* TutorialSection.swift */; };
		6422E5EF2866ED89008D1A45 /* Course.swift in Sources */ = {isa = PBXBuildFile; fileRef = 6422E5E72866ED89008D1A45 /* Course.swift */; };
		6422E5F02866ED89008D1A45 /* CourseSection.swift in Sources */ = {isa = PBXBuildFile; fileRef = 6422E5E82866ED89008D1A45 /* CourseSection.swift */; };
		6422E5F12866ED89008D1A45 /* LivestreamSection.swift in Sources */ = {isa = PBXBuildFile; fileRef = 6422E5E92866ED89008D1A45 /* LivestreamSection.swift */; };
		6422E5F22866ED89008D1A45 /* Download.swift in Sources */ = {isa = PBXBuildFile; fileRef = 6422E5EA2866ED89008D1A45 /* Download.swift */; };
		6422E5F32866ED89008D1A45 /* Tutorial.swift in Sources */ = {isa = PBXBuildFile; fileRef = 6422E5EB2866ED89008D1A45 /* Tutorial.swift */; };
		6422E5F42866ED89008D1A45 /* Livestream.swift in Sources */ = {isa = PBXBuildFile; fileRef = 6422E5EC2866ED89008D1A45 /* Livestream.swift */; };
		6422E5F52866ED89008D1A45 /* GradientModel.swift in Sources */ = {isa = PBXBuildFile; fileRef = 6422E5ED2866ED89008D1A45 /* GradientModel.swift */; };
		645033C328643F3900F9327F /* CloseButton.swift in Sources */ = {isa = PBXBuildFile; fileRef = 645033C228643F3900F9327F /* CloseButton.swift */; };
		645033C428643F3900F9327F /* CloseButton.swift in Sources */ = {isa = PBXBuildFile; fileRef = 645033C228643F3900F9327F /* CloseButton.swift */; };
		6468BED42862D7D600A3D73B /* CoursesItem.swift in Sources */ = {isa = PBXBuildFile; fileRef = 6468BED32862D7D600A3D73B /* CoursesItem.swift */; };
		6468BED52862D7D600A3D73B /* CoursesItem.swift in Sources */ = {isa = PBXBuildFile; fileRef = 6468BED32862D7D600A3D73B /* CoursesItem.swift */; };
		6468BED82862DA7B00A3D73B /* CourseList.swift in Sources */ = {isa = PBXBuildFile; fileRef = 6468BED72862DA7B00A3D73B /* CourseList.swift */; };
		6468BED92862DA7B00A3D73B /* CourseList.swift in Sources */ = {isa = PBXBuildFile; fileRef = 6468BED72862DA7B00A3D73B /* CourseList.swift */; };
		64A12B2B28679FCC00B7D9DC /* TabBar.swift in Sources */ = {isa = PBXBuildFile; fileRef = 64A12B2A28679FCC00B7D9DC /* TabBar.swift */; };
		64A12B2C28679FCC00B7D9DC /* TabBar.swift in Sources */ = {isa = PBXBuildFile; fileRef = 64A12B2A28679FCC00B7D9DC /* TabBar.swift */; };
		64CBBE8C2868FF0E00C622AD /* CourseSectionDetail.swift in Sources */ = {isa = PBXBuildFile; fileRef = 64CBBE8B2868FF0E00C622AD /* CourseSectionDetail.swift */; };
		64CBBE8D2868FF0E00C622AD /* CourseSectionDetail.swift in Sources */ = {isa = PBXBuildFile; fileRef = 64CBBE8B2868FF0E00C622AD /* CourseSectionDetail.swift */; };
		64EEB4B32867803600AB7CD0 /* VisualEffectBlur.swift in Sources */ = {isa = PBXBuildFile; fileRef = 64EEB4B22867803600AB7CD0 /* VisualEffectBlur.swift */; };
		64EEB4B52867804D00AB7CD0 /* VisualEffectBlur.swift in Sources */ = {isa = PBXBuildFile; fileRef = 64EEB4B42867804D00AB7CD0 /* VisualEffectBlur.swift */; };
		64FE070D2860118800A52D66 /* DesignCodeSwiftUIApp.swift in Sources */ = {isa = PBXBuildFile; fileRef = 64FE06FD2860118800A52D66 /* DesignCodeSwiftUIApp.swift */; };
		64FE070E2860118800A52D66 /* DesignCodeSwiftUIApp.swift in Sources */ = {isa = PBXBuildFile; fileRef = 64FE06FD2860118800A52D66 /* DesignCodeSwiftUIApp.swift */; };
		64FE070F2860118800A52D66 /* ContentView.swift in Sources */ = {isa = PBXBuildFile; fileRef = 64FE06FE2860118800A52D66 /* ContentView.swift */; };
		64FE07102860118800A52D66 /* ContentView.swift in Sources */ = {isa = PBXBuildFile; fileRef = 64FE06FE2860118800A52D66 /* ContentView.swift */; };
		64FE07112860118800A52D66 /* Assets.xcassets in Resources */ = {isa = PBXBuildFile; fileRef = 64FE06FF2860118800A52D66 /* Assets.xcassets */; };
		64FE07122860118800A52D66 /* Assets.xcassets in Resources */ = {isa = PBXBuildFile; fileRef = 64FE06FF2860118800A52D66 /* Assets.xcassets */; };
		64FE071C2860462600A52D66 /* Sidebar.swift in Sources */ = {isa = PBXBuildFile; fileRef = 64FE071B2860462600A52D66 /* Sidebar.swift */; };
		64FE071D2860462600A52D66 /* Sidebar.swift in Sources */ = {isa = PBXBuildFile; fileRef = 64FE071B2860462600A52D66 /* Sidebar.swift */; };
		64FE07202860464E00A52D66 /* CoursesView.swift in Sources */ = {isa = PBXBuildFile; fileRef = 64FE071F2860464E00A52D66 /* CoursesView.swift */; };
		64FE07212860464E00A52D66 /* CoursesView.swift in Sources */ = {isa = PBXBuildFile; fileRef = 64FE071F2860464E00A52D66 /* CoursesView.swift */; };
		64FE072628604F5400A52D66 /* CourseRow.swift in Sources */ = {isa = PBXBuildFile; fileRef = 64FE072528604F5400A52D66 /* CourseRow.swift */; };
		64FE072728604F5400A52D66 /* CourseRow.swift in Sources */ = {isa = PBXBuildFile; fileRef = 64FE072528604F5400A52D66 /* CourseRow.swift */; };
/* End PBXBuildFile section */

/* Begin PBXFileReference section */
		6422686E2866EA080061B15E /* CourseDetail.swift */ = {isa = PBXFileReference; lastKnownFileType = sourcecode.swift; path = CourseDetail.swift; sourceTree = "<group>"; };
		6422E5E62866ED89008D1A45 /* TutorialSection.swift */ = {isa = PBXFileReference; fileEncoding = 4; lastKnownFileType = sourcecode.swift; path = TutorialSection.swift; sourceTree = "<group>"; };
		6422E5E72866ED89008D1A45 /* Course.swift */ = {isa = PBXFileReference; fileEncoding = 4; lastKnownFileType = sourcecode.swift; path = Course.swift; sourceTree = "<group>"; };
		6422E5E82866ED89008D1A45 /* CourseSection.swift */ = {isa = PBXFileReference; fileEncoding = 4; lastKnownFileType = sourcecode.swift; path = CourseSection.swift; sourceTree = "<group>"; };
		6422E5E92866ED89008D1A45 /* LivestreamSection.swift */ = {isa = PBXFileReference; fileEncoding = 4; lastKnownFileType = sourcecode.swift; path = LivestreamSection.swift; sourceTree = "<group>"; };
		6422E5EA2866ED89008D1A45 /* Download.swift */ = {isa = PBXFileReference; fileEncoding = 4; lastKnownFileType = sourcecode.swift; path = Download.swift; sourceTree = "<group>"; };
		6422E5EB2866ED89008D1A45 /* Tutorial.swift */ = {isa = PBXFileReference; fileEncoding = 4; lastKnownFileType = sourcecode.swift; path = Tutorial.swift; sourceTree = "<group>"; };
		6422E5EC2866ED89008D1A45 /* Livestream.swift */ = {isa = PBXFileReference; fileEncoding = 4; lastKnownFileType = sourcecode.swift; path = Livestream.swift; sourceTree = "<group>"; };
		6422E5ED2866ED89008D1A45 /* GradientModel.swift */ = {isa = PBXFileReference; fileEncoding = 4; lastKnownFileType = sourcecode.swift; path = GradientModel.swift; sourceTree = "<group>"; };
		645033C228643F3900F9327F /* CloseButton.swift */ = {isa = PBXFileReference; lastKnownFileType = sourcecode.swift; path = CloseButton.swift; sourceTree = "<group>"; };
		6468BED32862D7D600A3D73B /* CoursesItem.swift */ = {isa = PBXFileReference; lastKnownFileType = sourcecode.swift; path = CoursesItem.swift; sourceTree = "<group>"; };
		6468BED72862DA7B00A3D73B /* CourseList.swift */ = {isa = PBXFileReference; lastKnownFileType = sourcecode.swift; path = CourseList.swift; sourceTree = "<group>"; };
		64A12B2A28679FCC00B7D9DC /* TabBar.swift */ = {isa = PBXFileReference; lastKnownFileType = sourcecode.swift; path = TabBar.swift; sourceTree = "<group>"; };
		64CBBE8B2868FF0E00C622AD /* CourseSectionDetail.swift */ = {isa = PBXFileReference; lastKnownFileType = sourcecode.swift; path = CourseSectionDetail.swift; sourceTree = "<group>"; };
		64EEB4B22867803600AB7CD0 /* VisualEffectBlur.swift */ = {isa = PBXFileReference; fileEncoding = 4; lastKnownFileType = sourcecode.swift; path = VisualEffectBlur.swift; sourceTree = "<group>"; };
		64EEB4B42867804D00AB7CD0 /* VisualEffectBlur.swift */ = {isa = PBXFileReference; fileEncoding = 4; lastKnownFileType = sourcecode.swift; path = VisualEffectBlur.swift; sourceTree = "<group>"; };
		64FE06FD2860118800A52D66 /* DesignCodeSwiftUIApp.swift */ = {isa = PBXFileReference; lastKnownFileType = sourcecode.swift; path = DesignCodeSwiftUIApp.swift; sourceTree = "<group>"; };
		64FE06FE2860118800A52D66 /* ContentView.swift */ = {isa = PBXFileReference; lastKnownFileType = sourcecode.swift; path = ContentView.swift; sourceTree = "<group>"; };
		64FE06FF2860118800A52D66 /* Assets.xcassets */ = {isa = PBXFileReference; lastKnownFileType = folder.assetcatalog; path = Assets.xcassets; sourceTree = "<group>"; };
		64FE07042860118800A52D66 /* DesignCodeSwiftUI.app */ = {isa = PBXFileReference; explicitFileType = wrapper.application; includeInIndex = 0; path = DesignCodeSwiftUI.app; sourceTree = BUILT_PRODUCTS_DIR; };
		64FE070A2860118800A52D66 /* DesignCodeSwiftUI.app */ = {isa = PBXFileReference; explicitFileType = wrapper.application; includeInIndex = 0; path = DesignCodeSwiftUI.app; sourceTree = BUILT_PRODUCTS_DIR; };
		64FE070C2860118800A52D66 /* macOS.entitlements */ = {isa = PBXFileReference; lastKnownFileType = text.plist.entitlements; path = macOS.entitlements; sourceTree = "<group>"; };
		64FE071B2860462600A52D66 /* Sidebar.swift */ = {isa = PBXFileReference; lastKnownFileType = sourcecode.swift; path = Sidebar.swift; sourceTree = "<group>"; };
		64FE071F2860464E00A52D66 /* CoursesView.swift */ = {isa = PBXFileReference; lastKnownFileType = sourcecode.swift; path = CoursesView.swift; sourceTree = "<group>"; };
		64FE072528604F5400A52D66 /* CourseRow.swift */ = {isa = PBXFileReference; lastKnownFileType = sourcecode.swift; path = CourseRow.swift; sourceTree = "<group>"; };
/* End PBXFileReference section */

/* Begin PBXFrameworksBuildPhase section */
		64FE07012860118800A52D66 /* Frameworks */ = {
			isa = PBXFrameworksBuildPhase;
			buildActionMask = 2147483647;
			files = (
			);
			runOnlyForDeploymentPostprocessing = 0;
		};
		64FE07072860118800A52D66 /* Frameworks */ = {
			isa = PBXFrameworksBuildPhase;
			buildActionMask = 2147483647;
			files = (
			);
			runOnlyForDeploymentPostprocessing = 0;
		};
/* End PBXFrameworksBuildPhase section */

/* Begin PBXGroup section */
		64EEB4AE28677C4100AB7CD0 /* Navigation */ = {
			isa = PBXGroup;
			children = (
				64FE06FE2860118800A52D66 /* ContentView.swift */,
				64FE071B2860462600A52D66 /* Sidebar.swift */,
				64A12B2A28679FCC00B7D9DC /* TabBar.swift */,
			);
			path = Navigation;
			sourceTree = "<group>";
		};
		64EEB4AF28677C5C00AB7CD0 /* Items */ = {
			isa = PBXGroup;
			children = (
				6468BED32862D7D600A3D73B /* CoursesItem.swift */,
				64FE072528604F5400A52D66 /* CourseRow.swift */,
			);
			path = Items;
			sourceTree = "<group>";
		};
		64EEB4B128677CA900AB7CD0 /* Model */ = {
			isa = PBXGroup;
			children = (
				6422E5E62866ED89008D1A45 /* TutorialSection.swift */,
				6422E5E72866ED89008D1A45 /* Course.swift */,
				6422E5E82866ED89008D1A45 /* CourseSection.swift */,
				6422E5EA2866ED89008D1A45 /* Download.swift */,
				6422E5ED2866ED89008D1A45 /* GradientModel.swift */,
				6422E5EC2866ED89008D1A45 /* Livestream.swift */,
				6422E5E92866ED89008D1A45 /* LivestreamSection.swift */,
				6422E5EB2866ED89008D1A45 /* Tutorial.swift */,
			);
			name = Model;
			sourceTree = "<group>";
		};
		64FE06F72860118700A52D66 = {
			isa = PBXGroup;
			children = (
				64FE06FC2860118700A52D66 /* Shared */,
				64FE070B2860118800A52D66 /* macOS */,
				64FE07052860118800A52D66 /* Products */,
			);
			sourceTree = "<group>";
		};
		64FE06FC2860118700A52D66 /* Shared */ = {
			isa = PBXGroup;
			children = (
				64EEB4B42867804D00AB7CD0 /* VisualEffectBlur.swift */,
				64EEB4AF28677C5C00AB7CD0 /* Items */,
				64EEB4AE28677C4100AB7CD0 /* Navigation */,
				64EEB4B128677CA900AB7CD0 /* Model */,
				64FE071F2860464E00A52D66 /* CoursesView.swift */,
				6422686E2866EA080061B15E /* CourseDetail.swift */,
				645033C228643F3900F9327F /* CloseButton.swift */,
				6468BED72862DA7B00A3D73B /* CourseList.swift */,
				64FE06FD2860118800A52D66 /* DesignCodeSwiftUIApp.swift */,
				64CBBE8B2868FF0E00C622AD /* CourseSectionDetail.swift */,
				64FE06FF2860118800A52D66 /* Assets.xcassets */,
			);
			path = Shared;
			sourceTree = "<group>";
		};
		64FE07052860118800A52D66 /* Products */ = {
			isa = PBXGroup;
			children = (
				64FE07042860118800A52D66 /* DesignCodeSwiftUI.app */,
				64FE070A2860118800A52D66 /* DesignCodeSwiftUI.app */,
			);
			name = Products;
			sourceTree = "<group>";
		};
		64FE070B2860118800A52D66 /* macOS */ = {
			isa = PBXGroup;
			children = (
				64EEB4B22867803600AB7CD0 /* VisualEffectBlur.swift */,
				64FE070C2860118800A52D66 /* macOS.entitlements */,
			);
			path = macOS;
			sourceTree = "<group>";
		};
/* End PBXGroup section */

/* Begin PBXNativeTarget section */
		64FE07032860118800A52D66 /* DesignCodeSwiftUI (iOS) */ = {
			isa = PBXNativeTarget;
			buildConfigurationList = 64FE07152860118800A52D66 /* Build configuration list for PBXNativeTarget "DesignCodeSwiftUI (iOS)" */;
			buildPhases = (
				64FE07002860118800A52D66 /* Sources */,
				64FE07012860118800A52D66 /* Frameworks */,
				64FE07022860118800A52D66 /* Resources */,
			);
			buildRules = (
			);
			dependencies = (
			);
			name = "DesignCodeSwiftUI (iOS)";
			productName = "DesignCodeSwiftUI (iOS)";
			productReference = 64FE07042860118800A52D66 /* DesignCodeSwiftUI.app */;
			productType = "com.apple.product-type.application";
		};
		64FE07092860118800A52D66 /* DesignCodeSwiftUI (macOS) */ = {
			isa = PBXNativeTarget;
			buildConfigurationList = 64FE07182860118800A52D66 /* Build configuration list for PBXNativeTarget "DesignCodeSwiftUI (macOS)" */;
			buildPhases = (
				64FE07062860118800A52D66 /* Sources */,
				64FE07072860118800A52D66 /* Frameworks */,
				64FE07082860118800A52D66 /* Resources */,
			);
			buildRules = (
			);
			dependencies = (
			);
			name = "DesignCodeSwiftUI (macOS)";
			productName = "DesignCodeSwiftUI (macOS)";
			productReference = 64FE070A2860118800A52D66 /* DesignCodeSwiftUI.app */;
			productType = "com.apple.product-type.application";
		};
/* End PBXNativeTarget section */

/* Begin PBXProject section */
		64FE06F82860118700A52D66 /* Project object */ = {
			isa = PBXProject;
			attributes = {
				BuildIndependentTargetsInParallel = 1;
				LastSwiftUpdateCheck = 1340;
				LastUpgradeCheck = 1340;
				TargetAttributes = {
					64FE07032860118800A52D66 = {
						CreatedOnToolsVersion = 13.4.1;
					};
					64FE07092860118800A52D66 = {
						CreatedOnToolsVersion = 13.4.1;
					};
				};
			};
			buildConfigurationList = 64FE06FB2860118700A52D66 /* Build configuration list for PBXProject "DesignCodeSwiftUI" */;
			compatibilityVersion = "Xcode 13.0";
			developmentRegion = en;
			hasScannedForEncodings = 0;
			knownRegions = (
				en,
				Base,
			);
			mainGroup = 64FE06F72860118700A52D66;
			productRefGroup = 64FE07052860118800A52D66 /* Products */;
			projectDirPath = "";
			projectRoot = "";
			targets = (
				64FE07032860118800A52D66 /* DesignCodeSwiftUI (iOS) */,
				64FE07092860118800A52D66 /* DesignCodeSwiftUI (macOS) */,
			);
		};
/* End PBXProject section */

/* Begin PBXResourcesBuildPhase section */
		64FE07022860118800A52D66 /* Resources */ = {
			isa = PBXResourcesBuildPhase;
			buildActionMask = 2147483647;
			files = (
				64FE07112860118800A52D66 /* Assets.xcassets in Resources */,
			);
			runOnlyForDeploymentPostprocessing = 0;
		};
		64FE07082860118800A52D66 /* Resources */ = {
			isa = PBXResourcesBuildPhase;
			buildActionMask = 2147483647;
			files = (
				64FE07122860118800A52D66 /* Assets.xcassets in Resources */,
			);
			runOnlyForDeploymentPostprocessing = 0;
		};
/* End PBXResourcesBuildPhase section */

/* Begin PBXSourcesBuildPhase section */
		64FE07002860118800A52D66 /* Sources */ = {
			isa = PBXSourcesBuildPhase;
			buildActionMask = 2147483647;
			files = (
				64FE070F2860118800A52D66 /* ContentView.swift in Sources */,
				64CBBE8C2868FF0E00C622AD /* CourseSectionDetail.swift in Sources */,
				6422E5EF2866ED89008D1A45 /* Course.swift in Sources */,
				64FE071C2860462600A52D66 /* Sidebar.swift in Sources */,
				6422686F2866EA080061B15E /* CourseDetail.swift in Sources */,
				6422E5F32866ED89008D1A45 /* Tutorial.swift in Sources */,
				6422E5F02866ED89008D1A45 /* CourseSection.swift in Sources */,
				6422E5F22866ED89008D1A45 /* Download.swift in Sources */,
				6422E5F42866ED89008D1A45 /* Livestream.swift in Sources */,
				6422E5F52866ED89008D1A45 /* GradientModel.swift in Sources */,
				64A12B2B28679FCC00B7D9DC /* TabBar.swift in Sources */,
				645033C328643F3900F9327F /* CloseButton.swift in Sources */,
				6422E5F12866ED89008D1A45 /* LivestreamSection.swift in Sources */,
				6468BED82862DA7B00A3D73B /* CourseList.swift in Sources */,
				64FE070D2860118800A52D66 /* DesignCodeSwiftUIApp.swift in Sources */,
				6468BED42862D7D600A3D73B /* CoursesItem.swift in Sources */,
				64FE07202860464E00A52D66 /* CoursesView.swift in Sources */,
				64EEB4B52867804D00AB7CD0 /* VisualEffectBlur.swift in Sources */,
				64FE072628604F5400A52D66 /* CourseRow.swift in Sources */,
				6422E5EE2866ED89008D1A45 /* TutorialSection.swift in Sources */,
			);
			runOnlyForDeploymentPostprocessing = 0;
		};
		64FE07062860118800A52D66 /* Sources */ = {
			isa = PBXSourcesBuildPhase;
			buildActionMask = 2147483647;
			files = (
				64FE07102860118800A52D66 /* ContentView.swift in Sources */,
				64FE071D2860462600A52D66 /* Sidebar.swift in Sources */,
				64A12B2C28679FCC00B7D9DC /* TabBar.swift in Sources */,
				642268702866EA080061B15E /* CourseDetail.swift in Sources */,
				645033C428643F3900F9327F /* CloseButton.swift in Sources */,
				6468BED92862DA7B00A3D73B /* CourseList.swift in Sources */,
				64EEB4B32867803600AB7CD0 /* VisualEffectBlur.swift in Sources */,
				64FE070E2860118800A52D66 /* DesignCodeSwiftUIApp.swift in Sources */,
				6468BED52862D7D600A3D73B /* CoursesItem.swift in Sources */,
				64CBBE8D2868FF0E00C622AD /* CourseSectionDetail.swift in Sources */,
				64FE07212860464E00A52D66 /* CoursesView.swift in Sources */,
				64FE072728604F5400A52D66 /* CourseRow.swift in Sources */,
			);
			runOnlyForDeploymentPostprocessing = 0;
		};
/* End PBXSourcesBuildPhase section */

/* Begin XCBuildConfiguration section */
		64FE07132860118800A52D66 /* Debug */ = {
			isa = XCBuildConfiguration;
			buildSettings = {
				ALWAYS_SEARCH_USER_PATHS = NO;
				CLANG_ANALYZER_NONNULL = YES;
				CLANG_ANALYZER_NUMBER_OBJECT_CONVERSION = YES_AGGRESSIVE;
				CLANG_CXX_LANGUAGE_STANDARD = "gnu++17";
				CLANG_ENABLE_MODULES = YES;
				CLANG_ENABLE_OBJC_ARC = YES;
				CLANG_ENABLE_OBJC_WEAK = YES;
				CLANG_WARN_BLOCK_CAPTURE_AUTORELEASING = YES;
				CLANG_WARN_BOOL_CONVERSION = YES;
				CLANG_WARN_COMMA = YES;
				CLANG_WARN_CONSTANT_CONVERSION = YES;
				CLANG_WARN_DEPRECATED_OBJC_IMPLEMENTATIONS = YES;
				CLANG_WARN_DIRECT_OBJC_ISA_USAGE = YES_ERROR;
				CLANG_WARN_DOCUMENTATION_COMMENTS = YES;
				CLANG_WARN_EMPTY_BODY = YES;
				CLANG_WARN_ENUM_CONVERSION = YES;
				CLANG_WARN_INFINITE_RECURSION = YES;
				CLANG_WARN_INT_CONVERSION = YES;
				CLANG_WARN_NON_LITERAL_NULL_CONVERSION = YES;
				CLANG_WARN_OBJC_IMPLICIT_RETAIN_SELF = YES;
				CLANG_WARN_OBJC_LITERAL_CONVERSION = YES;
				CLANG_WARN_OBJC_ROOT_CLASS = YES_ERROR;
				CLANG_WARN_QUOTED_INCLUDE_IN_FRAMEWORK_HEADER = YES;
				CLANG_WARN_RANGE_LOOP_ANALYSIS = YES;
				CLANG_WARN_STRICT_PROTOTYPES = YES;
				CLANG_WARN_SUSPICIOUS_MOVE = YES;
				CLANG_WARN_UNGUARDED_AVAILABILITY = YES_AGGRESSIVE;
				CLANG_WARN_UNREACHABLE_CODE = YES;
				CLANG_WARN__DUPLICATE_METHOD_MATCH = YES;
				COPY_PHASE_STRIP = NO;
				DEBUG_INFORMATION_FORMAT = dwarf;
				ENABLE_STRICT_OBJC_MSGSEND = YES;
				ENABLE_TESTABILITY = YES;
				GCC_C_LANGUAGE_STANDARD = gnu11;
				GCC_DYNAMIC_NO_PIC = NO;
				GCC_NO_COMMON_BLOCKS = YES;
				GCC_OPTIMIZATION_LEVEL = 0;
				GCC_PREPROCESSOR_DEFINITIONS = (
					"DEBUG=1",
					"$(inherited)",
				);
				GCC_WARN_64_TO_32_BIT_CONVERSION = YES;
				GCC_WARN_ABOUT_RETURN_TYPE = YES_ERROR;
				GCC_WARN_UNDECLARED_SELECTOR = YES;
				GCC_WARN_UNINITIALIZED_AUTOS = YES_AGGRESSIVE;
				GCC_WARN_UNUSED_FUNCTION = YES;
				GCC_WARN_UNUSED_VARIABLE = YES;
				MTL_ENABLE_DEBUG_INFO = INCLUDE_SOURCE;
				MTL_FAST_MATH = YES;
				ONLY_ACTIVE_ARCH = YES;
				SWIFT_ACTIVE_COMPILATION_CONDITIONS = DEBUG;
				SWIFT_OPTIMIZATION_LEVEL = "-Onone";
			};
			name = Debug;
		};
		64FE07142860118800A52D66 /* Release */ = {
			isa = XCBuildConfiguration;
			buildSettings = {
				ALWAYS_SEARCH_USER_PATHS = NO;
				CLANG_ANALYZER_NONNULL = YES;
				CLANG_ANALYZER_NUMBER_OBJECT_CONVERSION = YES_AGGRESSIVE;
				CLANG_CXX_LANGUAGE_STANDARD = "gnu++17";
				CLANG_ENABLE_MODULES = YES;
				CLANG_ENABLE_OBJC_ARC = YES;
				CLANG_ENABLE_OBJC_WEAK = YES;
				CLANG_WARN_BLOCK_CAPTURE_AUTORELEASING = YES;
				CLANG_WARN_BOOL_CONVERSION = YES;
				CLANG_WARN_COMMA = YES;
				CLANG_WARN_CONSTANT_CONVERSION = YES;
				CLANG_WARN_DEPRECATED_OBJC_IMPLEMENTATIONS = YES;
				CLANG_WARN_DIRECT_OBJC_ISA_USAGE = YES_ERROR;
				CLANG_WARN_DOCUMENTATION_COMMENTS = YES;
				CLANG_WARN_EMPTY_BODY = YES;
				CLANG_WARN_ENUM_CONVERSION = YES;
				CLANG_WARN_INFINITE_RECURSION = YES;
				CLANG_WARN_INT_CONVERSION = YES;
				CLANG_WARN_NON_LITERAL_NULL_CONVERSION = YES;
				CLANG_WARN_OBJC_IMPLICIT_RETAIN_SELF = YES;
				CLANG_WARN_OBJC_LITERAL_CONVERSION = YES;
				CLANG_WARN_OBJC_ROOT_CLASS = YES_ERROR;
				CLANG_WARN_QUOTED_INCLUDE_IN_FRAMEWORK_HEADER = YES;
				CLANG_WARN_RANGE_LOOP_ANALYSIS = YES;
				CLANG_WARN_STRICT_PROTOTYPES = YES;
				CLANG_WARN_SUSPICIOUS_MOVE = YES;
				CLANG_WARN_UNGUARDED_AVAILABILITY = YES_AGGRESSIVE;
				CLANG_WARN_UNREACHABLE_CODE = YES;
				CLANG_WARN__DUPLICATE_METHOD_MATCH = YES;
				COPY_PHASE_STRIP = NO;
				DEBUG_INFORMATION_FORMAT = "dwarf-with-dsym";
				ENABLE_NS_ASSERTIONS = NO;
				ENABLE_STRICT_OBJC_MSGSEND = YES;
				GCC_C_LANGUAGE_STANDARD = gnu11;
				GCC_NO_COMMON_BLOCKS = YES;
				GCC_WARN_64_TO_32_BIT_CONVERSION = YES;
				GCC_WARN_ABOUT_RETURN_TYPE = YES_ERROR;
				GCC_WARN_UNDECLARED_SELECTOR = YES;
				GCC_WARN_UNINITIALIZED_AUTOS = YES_AGGRESSIVE;
				GCC_WARN_UNUSED_FUNCTION = YES;
				GCC_WARN_UNUSED_VARIABLE = YES;
				MTL_ENABLE_DEBUG_INFO = NO;
				MTL_FAST_MATH = YES;
				SWIFT_COMPILATION_MODE = wholemodule;
				SWIFT_OPTIMIZATION_LEVEL = "-O";
			};
			name = Release;
		};
		64FE07162860118800A52D66 /* Debug */ = {
			isa = XCBuildConfiguration;
			buildSettings = {
				ASSETCATALOG_COMPILER_APPICON_NAME = AppIcon;
				ASSETCATALOG_COMPILER_GLOBAL_ACCENT_COLOR_NAME = AccentColor;
				CODE_SIGN_STYLE = Automatic;
				CURRENT_PROJECT_VERSION = 1;
				DEVELOPMENT_TEAM = 2XUFV8QBCV;
				ENABLE_PREVIEWS = YES;
				GENERATE_INFOPLIST_FILE = YES;
				INFOPLIST_KEY_UIApplicationSceneManifest_Generation = YES;
				INFOPLIST_KEY_UIApplicationSupportsIndirectInputEvents = YES;
				INFOPLIST_KEY_UILaunchScreen_Generation = YES;
				INFOPLIST_KEY_UISupportedInterfaceOrientations_iPad = "UIInterfaceOrientationPortrait UIInterfaceOrientationPortraitUpsideDown UIInterfaceOrientationLandscapeLeft UIInterfaceOrientationLandscapeRight";
				INFOPLIST_KEY_UISupportedInterfaceOrientations_iPhone = "UIInterfaceOrientationPortrait UIInterfaceOrientationLandscapeLeft UIInterfaceOrientationLandscapeRight";
				IPHONEOS_DEPLOYMENT_TARGET = 15.5;
				LD_RUNPATH_SEARCH_PATHS = (
					"$(inherited)",
					"@executable_path/Frameworks",
				);
				MARKETING_VERSION = 1.0;
				PRODUCT_BUNDLE_IDENTIFIER = com.manuelduarte077.DesignCodeSwiftUI;
				PRODUCT_NAME = DesignCodeSwiftUI;
				SDKROOT = iphoneos;
				SWIFT_EMIT_LOC_STRINGS = YES;
				SWIFT_VERSION = 5.0;
				TARGETED_DEVICE_FAMILY = "1,2";
			};
			name = Debug;
		};
		64FE07172860118800A52D66 /* Release */ = {
			isa = XCBuildConfiguration;
			buildSettings = {
				ASSETCATALOG_COMPILER_APPICON_NAME = AppIcon;
				ASSETCATALOG_COMPILER_GLOBAL_ACCENT_COLOR_NAME = AccentColor;
				CODE_SIGN_STYLE = Automatic;
				CURRENT_PROJECT_VERSION = 1;
				DEVELOPMENT_TEAM = 2XUFV8QBCV;
				ENABLE_PREVIEWS = YES;
				GENERATE_INFOPLIST_FILE = YES;
				INFOPLIST_KEY_UIApplicationSceneManifest_Generation = YES;
				INFOPLIST_KEY_UIApplicationSupportsIndirectInputEvents = YES;
				INFOPLIST_KEY_UILaunchScreen_Generation = YES;
				INFOPLIST_KEY_UISupportedInterfaceOrientations_iPad = "UIInterfaceOrientationPortrait UIInterfaceOrientationPortraitUpsideDown UIInterfaceOrientationLandscapeLeft UIInterfaceOrientationLandscapeRight";
				INFOPLIST_KEY_UISupportedInterfaceOrientations_iPhone = "UIInterfaceOrientationPortrait UIInterfaceOrientationLandscapeLeft UIInterfaceOrientationLandscapeRight";
				IPHONEOS_DEPLOYMENT_TARGET = 15.5;
				LD_RUNPATH_SEARCH_PATHS = (
					"$(inherited)",
					"@executable_path/Frameworks",
				);
				MARKETING_VERSION = 1.0;
				PRODUCT_BUNDLE_IDENTIFIER = com.manuelduarte077.DesignCodeSwiftUI;
				PRODUCT_NAME = DesignCodeSwiftUI;
				SDKROOT = iphoneos;
				SWIFT_EMIT_LOC_STRINGS = YES;
				SWIFT_VERSION = 5.0;
				TARGETED_DEVICE_FAMILY = "1,2";
				VALIDATE_PRODUCT = YES;
			};
			name = Release;
		};
		64FE07192860118800A52D66 /* Debug */ = {
			isa = XCBuildConfiguration;
			buildSettings = {
				ASSETCATALOG_COMPILER_APPICON_NAME = AppIcon;
				ASSETCATALOG_COMPILER_GLOBAL_ACCENT_COLOR_NAME = AccentColor;
				CODE_SIGN_ENTITLEMENTS = macOS/macOS.entitlements;
				CODE_SIGN_STYLE = Automatic;
				COMBINE_HIDPI_IMAGES = YES;
				CURRENT_PROJECT_VERSION = 1;
				DEVELOPMENT_TEAM = 2XUFV8QBCV;
				ENABLE_HARDENED_RUNTIME = YES;
				ENABLE_PREVIEWS = YES;
				GENERATE_INFOPLIST_FILE = YES;
				INFOPLIST_KEY_NSHumanReadableCopyright = "";
				LD_RUNPATH_SEARCH_PATHS = (
					"$(inherited)",
					"@executable_path/../Frameworks",
				);
				MACOSX_DEPLOYMENT_TARGET = 12.3;
				MARKETING_VERSION = 1.0;
				PRODUCT_BUNDLE_IDENTIFIER = com.manuelduarte077.DesignCodeSwiftUI;
				PRODUCT_NAME = DesignCodeSwiftUI;
				SDKROOT = macosx;
				SWIFT_EMIT_LOC_STRINGS = YES;
				SWIFT_VERSION = 5.0;
			};
			name = Debug;
		};
		64FE071A2860118800A52D66 /* Release */ = {
			isa = XCBuildConfiguration;
			buildSettings = {
				ASSETCATALOG_COMPILER_APPICON_NAME = AppIcon;
				ASSETCATALOG_COMPILER_GLOBAL_ACCENT_COLOR_NAME = AccentColor;
				CODE_SIGN_ENTITLEMENTS = macOS/macOS.entitlements;
				CODE_SIGN_STYLE = Automatic;
				COMBINE_HIDPI_IMAGES = YES;
				CURRENT_PROJECT_VERSION = 1;
				DEVELOPMENT_TEAM = 2XUFV8QBCV;
				ENABLE_HARDENED_RUNTIME = YES;
				ENABLE_PREVIEWS = YES;
				GENERATE_INFOPLIST_FILE = YES;
				INFOPLIST_KEY_NSHumanReadableCopyright = "";
				LD_RUNPATH_SEARCH_PATHS = (
					"$(inherited)",
					"@executable_path/../Frameworks",
				);
				MACOSX_DEPLOYMENT_TARGET = 12.3;
				MARKETING_VERSION = 1.0;
				PRODUCT_BUNDLE_IDENTIFIER = com.manuelduarte077.DesignCodeSwiftUI;
				PRODUCT_NAME = DesignCodeSwiftUI;
				SDKROOT = macosx;
				SWIFT_EMIT_LOC_STRINGS = YES;
				SWIFT_VERSION = 5.0;
			};
			name = Release;
		};
/* End XCBuildConfiguration section */

/* Begin XCConfigurationList section */
		64FE06FB2860118700A52D66 /* Build configuration list for PBXProject "DesignCodeSwiftUI" */ = {
			isa = XCConfigurationList;
			buildConfigurations = (
				64FE07132860118800A52D66 /* Debug */,
				64FE07142860118800A52D66 /* Release */,
			);
			defaultConfigurationIsVisible = 0;
			defaultConfigurationName = Release;
		};
		64FE07152860118800A52D66 /* Build configuration list for PBXNativeTarget "DesignCodeSwiftUI (iOS)" */ = {
			isa = XCConfigurationList;
			buildConfigurations = (
				64FE07162860118800A52D66 /* Debug */,
				64FE07172860118800A52D66 /* Release */,
			);
			defaultConfigurationIsVisible = 0;
			defaultConfigurationName = Release;
		};
		64FE07182860118800A52D66 /* Build configuration list for PBXNativeTarget "DesignCodeSwiftUI (macOS)" */ = {
			isa = XCConfigurationList;
			buildConfigurations = (
				64FE07192860118800A52D66 /* Debug */,
				64FE071A2860118800A52D66 /* Release */,
			);
			defaultConfigurationIsVisible = 0;
			defaultConfigurationName = Release;
		};
/* End XCConfigurationList section */
	};
	rootObject = 64FE06F82860118700A52D66 /* Project object */;
}
